{
  "version": 4,
  "terraform_version": "0.12.26",
  "serial": 773,
  "lineage": "1bc8fbea-bfa8-c221-30f0-db576693004b",
  "outputs": {
    "private_key_pem": {
      "value": "-----BEGIN RSA PRIVATE KEY-----\nMIIJKAIBAAKCAgEAxA8MZrlinlSQvi+r+SHS9X0yTB+lJf1A8kPZzFzfVvMTO8Xn\nn+PQcW9+yPacw40ehSMugRsez5vQtMMkZry4zacbzW/FAiGAHTO0bS6TAkXvVXJd\nvE8sF0yAwjdaurkd8R8C+iME0+OXn1N22J319z9+UHaMQ9HlPNRw4bpBQKfCC+qt\n50nxKe9hULU1r40SY6p9C3znxN1zOtrJOYpzJSgNAz3UfNFlZA41Ba9CHWr31RLX\n/OuNfYwJmn3H3jYkSYxoZmurDgp9/CDvGhrwCIMHYVOZ5y7bui2DjYSWxabTiJ/s\nnvM3/hlmE4E29+gAh20Wy4an9kZo1e0kLxItTVd7EIlntZXyV0UScWljBJxnq9wI\nXLZagxHMOGMhwjUwzykjeVvb2m/IGW6wEgMl9IPGsF2PQP5MB0m52IXcSUec/eq5\npc9Tem1SmhuFREve+KStJc8VOyqYVH3/TvO07SNEJaPwsOfIevmv0RaCcGG32X7S\n3yJuppLPwkTZ/9GKNIPb6Li2lPvj4ApnB7FFNm95oeou+Bqb2mWWSrI5/zRgZg6y\nW5MgaItlMM/u1MvQsfMAjAFHbNEc37xDp7Nun4uTvaXhuo4zv2jWZnga5hpqAYgl\nEshSJHfWtbUu7zg8C24NX5DoVvMU85Aki583gbe/PC3t++PGol9Pyfi0ao8CAwEA\nAQKCAgEAujFMZrYCWTkYaPXfDW846FiojrCy51wW9LzJN5Kvq+SWzHpLWYZB66im\nMHY8NF5tsKTTwlqeLS3dy/1TMZpiqzPbbIOMBlUIVTNIUzQa+tqty2kcafyKc+n8\nkfV93bx2GgqIikL9j7khwnbCdD+3WsLa09FxrerFGLrsJQL8e0mWODj8RJ3tQRUM\nR1iAjqKb5zj/HgzWExj4GNm0pke8yHm7uetbQ9qcvqPbaPWjBUsT6C/IHXMaYTO/\n3w864+ZpGcwVTcdMoL4IHYytZg5VDNBbDuwVSf8vPyWAPMLBaR3g4Gx4jA+RimhW\nj4l0SYT0E6jfMBRGqNT/NMLMTUOm7pXw9s80DiSVQ96ZPPdrGuOrrHkKRt+jz+kT\nWrJEY1cSGBcLP4RxxJZzNbSwej9qsq/3E+ujouDv8hBYX7SfIOk5n8LRNAIT521i\n3cV80Dgh8i7Fsh1yyEV9SADHVLiN3+k8VPJHZ5qA0yGQudHg0cgIVgt58ubM8VEJ\nO0GH0ZY2iEAjZvwpA/Dt9VNILe5HTASPix465SfbIQ4T2DY61Kke8Tq0NRpEwZM5\nDsMmSpVLE3CPU9VGBuGrqbZzh4vsk87EiMPjQMBct+p2Oy+mFMgFPMmAUsJEW/Py\nQMXtstQxfx3+7wIENTVcBy94QpQ64VaLODnV/52zS2sRvuwsyNkCggEBAN7zkR7h\nEwKzbGKR+lMuXjm9JdMkcogktjT80DoaOuZ6uq/Ihh6lW0nDwtoNMrG9wqmOiHuu\nKuY7TklmSidWBBuilmSu4CohH1VX+L5EkkcBD/4KopayNpK3xhWaW3pI2RL5wbDB\nMkmoXXBIi8VjmmKCtcwJUiTQ3PAqQhNXBeTgCWOtVEsno2z47KhWSAq7r1AVokG7\nfZ5i4A7jd/xGtmpEAZyjxGuHViL/Di9hhsCzmmWwxPbd66gDaDlRrT9pUQhPN6Pn\nVoC1QGsv3Vwp7Xyr8O0irQiQa54WGN/PBuWhe0egYrq4CejCNSw67ufzyxuQS8Kx\nWfbJOpwZZEcnpzUCggEBAOEe+YX3KXOr3ZAQqaBzASKmgi6OQQ0Xlz9sKTWsR4Kd\nF34XnoeNolovaSbqnmVjmITJGKxIQlQwN52x2boNNHNFBpQNPI9o2WdtjUUbIHhp\n27uK50XO+ka7+L7ZCx4IfgoHgmnqP+/2rCnkVI/bKcl7FF+bR7Jwwp0+XrA+Di6G\nQBNSTFFK6UZJp9KxyGGEZcDEz9OqAErBn0FxKctrwn2Ijh0MVUatfHp+jRd+Eyo9\nTJ0Msr1bQHHv/wgvvNkpyZ1W9ezvXFvJWLRi0mG7igqOc5cVvqlB1ZNlSfbunolu\nWneNxyKfeZ3ZfCqFAf4bo/JluTYr/R7Gr+9Zrhs6DzMCggEAc6pJD4wVIMGU6U5y\nX9UebTYD+ZZfFOJ25OaD4KDbDdd+ItQVQLDou0wkOpu+QRgBdZXMmN2yw97grpOy\nxNWLLAsdmv5erXyhlNUe5xcMDGowscsyrpumVFejHHIII1jHxWBtbBXO0QfX8fix\nCqax4YmOZ1wukYsKFE7YGNB87lCMjnnN0W+vCUna/TpGBct5GEMg+pkagqEpPJAm\nH2tQF7FQZMNRk7eSqHVKFqqyDicfYsJibPCU4YVi/Nmy18L7lyQB6baK2hsuYG1k\nmfvmiVdqlpv2yQqjylAMd5AgM+Gi43YBwnzYJzkZ/OhWKWABbztdEpSP58hd7738\nmC2qQQKCAQAayivZhGM7b61rMoBtJqJw9C2zypv1KeSG2KFC0OClq3obOEZWTUWP\nw+qYhf0ZhbOlwaSdA/BYwnAr5PlLCb0/Jmy0+6pESq7sfv37xlGj4r0SYWJKTWo9\nNqtQUtXe2hXdra0YW5cGQG2WgqSJhgRABNSU2A69LmwKeFyeTpQzdyhy5C1O00JV\nafh9u0hkSnQtb35n6ugj/UytZgEaQxWfCLwYutn/EjApB5xUul0ffrH6UoOGwzA1\nHuFToRKxKSbkAXA8pPNxvNFAji4JEV9JCFC7HwxUahA3fStDJnxZUHeVmJqlBSNc\n5H/BM5jcG3/0HaTfzHZPzkcrjZmJhew/AoIBAAQA9TI6/VfH8dOSK5mCrHH0wEx+\n9UNa08JBBptwZfL8b8QCGDBAb8tNVmJd1oex2lcFzXKmd4i9XbniG1PxyIj3csVu\nTBOes8RBukU1fFkyUpCmTGnZDqYYEZg4jdVbqIwT0dy7y1RTId0dghDyoe3yequC\nTOgfX4qAM0UgR6HyPvgJQ7WL2q+kc8VyyHshENuosPpjNLTu8NoC4eFo42JK128t\nvKv1OjFGHLk4vOM8vW+CZdAW1WEyVv1tx3nEu8WXXsTuveTKxQNqG/Va5UVVdd++\nMarhpinHYZbAn5zA1UeA34OVmuOZ+BPI8GTFKklCsNngNpOU0Gtn46taJkA=\n-----END RSA PRIVATE KEY-----\n",
      "type": "string"
    }
  },
  "resources": [
    {
      "mode": "data",
      "type": "aws_ami",
      "name": "ubuntu",
      "provider": "provider.aws",
      "instances": [
        {
          "schema_version": 0,
          "attributes": {
            "architecture": "x86_64",
            "block_device_mappings": [
              {
                "device_name": "/dev/sda1",
                "ebs": {
                  "delete_on_termination": "true",
                  "encrypted": "false",
                  "iops": "0",
                  "snapshot_id": "snap-09c9fb96c10057785",
                  "volume_size": "8",
                  "volume_type": "gp2"
                },
                "no_device": "",
                "virtual_name": ""
              },
              {
                "device_name": "/dev/sdb",
                "ebs": {},
                "no_device": "",
                "virtual_name": "ephemeral0"
              },
              {
                "device_name": "/dev/sdc",
                "ebs": {},
                "no_device": "",
                "virtual_name": "ephemeral1"
              }
            ],
            "creation_date": "2020-05-07T13:46:19.000Z",
            "description": "Canonical, Ubuntu, 18.04 LTS, amd64 bionic image build on 2020-04-30",
            "executable_users": null,
            "filter": [
              {
                "name": "name",
                "values": [
                  "ubuntu/images/hvm-ssd/ubuntu-bionic-18.04-amd64-server-*"
                ]
              }
            ],
            "hypervisor": "xen",
            "id": "ami-0a040c35ca945058a",
            "image_id": "ami-0a040c35ca945058a",
            "image_location": "099720109477/ubuntu/images/hvm-ssd/ubuntu-bionic-18.04-amd64-server-20200430",
            "image_owner_alias": null,
            "image_type": "machine",
            "kernel_id": null,
            "most_recent": true,
            "name": "ubuntu/images/hvm-ssd/ubuntu-bionic-18.04-amd64-server-20200430",
            "name_regex": null,
            "owner_id": "099720109477",
            "owners": [
              "099720109477"
            ],
            "platform": null,
            "product_codes": [],
            "public": true,
            "ramdisk_id": null,
            "root_device_name": "/dev/sda1",
            "root_device_type": "ebs",
            "root_snapshot_id": "snap-09c9fb96c10057785",
            "sriov_net_support": "simple",
            "state": "available",
            "state_reason": {
              "code": "UNSET",
              "message": "UNSET"
            },
            "tags": {},
            "virtualization_type": "hvm"
          }
        }
      ]
    },
    {
      "mode": "data",
      "type": "aws_availability_zones",
      "name": "all",
      "provider": "provider.aws",
      "instances": [
        {
          "schema_version": 0,
          "attributes": {
            "all_availability_zones": null,
            "blacklisted_names": null,
            "blacklisted_zone_ids": null,
            "filter": null,
            "group_names": [
              "us-east-2"
            ],
            "id": "2020-06-11 15:44:08.295009 +0000 UTC",
            "names": [
              "us-east-2a",
              "us-east-2b",
              "us-east-2c"
            ],
            "state": null,
            "zone_ids": [
              "use2-az1",
              "use2-az2",
              "use2-az3"
            ]
          }
        }
      ]
    },
    {
      "mode": "data",
      "type": "aws_route53_zone",
      "name": "zone",
      "provider": "provider.aws",
      "instances": [
        {
          "schema_version": 0,
          "attributes": {
            "caller_reference": "RISWorkflow-RD:2f1a454e-e585-4668-9e4e-91b28fca9f11",
            "comment": "HostedZone created by Route53 Registrar",
            "id": "Z02564672XQCUJGXTZT2V",
            "linked_service_description": null,
            "linked_service_principal": null,
            "name": "hoot-cloud.com.",
            "name_servers": [
              "ns-93.awsdns-11.com",
              "ns-1639.awsdns-12.co.uk",
              "ns-626.awsdns-14.net",
              "ns-1475.awsdns-56.org"
            ],
            "private_zone": false,
            "resource_record_set_count": 2,
            "tags": {},
            "vpc_id": null,
            "zone_id": "Z02564672XQCUJGXTZT2V"
          }
        }
      ]
    },
    {
      "mode": "data",
      "type": "aws_subnet_ids",
      "name": "default",
      "provider": "provider.aws",
      "instances": [
        {
          "schema_version": 0,
          "attributes": {
            "filter": null,
            "id": "vpc-dba178b0",
            "ids": [
              "subnet-4fe92824",
              "subnet-74d5b238",
              "subnet-bbe1dec1"
            ],
            "tags": null,
            "vpc_id": "vpc-dba178b0"
          }
        }
      ]
    },
    {
      "mode": "managed",
      "type": "aws_acm_certificate",
      "name": "cert",
      "provider": "provider.aws.use1",
      "instances": [
        {
          "schema_version": 0,
          "attributes": {
            "arn": "arn:aws:acm:us-east-1:918473837614:certificate/916b0052-5b14-426e-a02e-9e68df06099e",
            "certificate_authority_arn": "",
            "certificate_body": null,
            "certificate_chain": null,
            "domain_name": "*.traditional.hoot-cloud.com",
            "domain_validation_options": [
              {
                "domain_name": "*.traditional.hoot-cloud.com",
                "resource_record_name": "_4546f5f00828a11d806189848e291c4d.traditional.hoot-cloud.com.",
                "resource_record_type": "CNAME",
                "resource_record_value": "_bb54a7f729bfca14d9f070eb07d36f79.tfmgdnztqk.acm-validations.aws."
              }
            ],
            "id": "arn:aws:acm:us-east-1:918473837614:certificate/916b0052-5b14-426e-a02e-9e68df06099e",
            "options": [
              {
                "certificate_transparency_logging_preference": "ENABLED"
              }
            ],
            "private_key": null,
            "status": "PENDING_VALIDATION",
            "subject_alternative_names": [],
            "tags": null,
            "validation_emails": [],
            "validation_method": "DNS"
          },
          "private": "bnVsbA=="
        }
      ]
    },
    {
      "mode": "managed",
      "type": "aws_acm_certificate_validation",
      "name": "cert",
      "provider": "provider.aws.use1",
      "instances": [
        {
          "schema_version": 0,
          "attributes": {
            "certificate_arn": "arn:aws:acm:us-east-1:918473837614:certificate/916b0052-5b14-426e-a02e-9e68df06099e",
            "id": "2020-06-11 15:47:16 +0000 UTC",
            "timeouts": null,
            "validation_record_fqdns": [
              "_4546f5f00828a11d806189848e291c4d.traditional.hoot-cloud.com"
            ]
          },
          "private": "eyJlMmJmYjczMC1lY2FhLTExZTYtOGY4OC0zNDM2M2JjN2M0YzAiOnsiY3JlYXRlIjoyNzAwMDAwMDAwMDAwfX0=",
          "dependencies": [
            "aws_acm_certificate.cert",
            "aws_route53_record.cert_validation"
          ]
        }
      ]
    },
    {
      "mode": "managed",
      "type": "aws_ami_from_instance",
      "name": "web-reg",
      "provider": "provider.aws",
      "instances": [
        {
          "schema_version": 0,
          "attributes": {
            "architecture": "x86_64",
            "description": "",
            "ebs_block_device": [
              {
                "delete_on_termination": true,
                "device_name": "/dev/sda1",
                "encrypted": false,
                "iops": 0,
                "snapshot_id": "snap-0299a3bde5c2f586c",
                "volume_size": 8,
                "volume_type": "gp2"
              }
            ],
            "ena_support": true,
            "ephemeral_block_device": [
              {
                "device_name": "/dev/sdb",
                "virtual_name": "ephemeral0"
              },
              {
                "device_name": "/dev/sdc",
                "virtual_name": "ephemeral1"
              }
            ],
            "id": "ami-0626f0b51612abf4d",
            "image_location": "918473837614/web-reg-ServerAMI",
            "kernel_id": "",
            "manage_ebs_snapshots": true,
            "name": "web-reg-ServerAMI",
            "ramdisk_id": "",
            "root_device_name": "/dev/sda1",
            "root_snapshot_id": "snap-0299a3bde5c2f586c",
            "snapshot_without_reboot": null,
            "source_instance_id": "i-0a43c16702d1e58f0",
            "sriov_net_support": "simple",
            "tags": null,
            "timeouts": null,
            "virtualization_type": "hvm"
          },
          "private": "eyJlMmJmYjczMC1lY2FhLTExZTYtOGY4OC0zNDM2M2JjN2M0YzAiOnsiY3JlYXRlIjoyNDAwMDAwMDAwMDAwLCJkZWxldGUiOjU0MDAwMDAwMDAwMDAsInVwZGF0ZSI6MjQwMDAwMDAwMDAwMH19",
          "dependencies": [
            "aws_instance.web-reg",
            "aws_key_pair.key",
            "aws_security_group.in_22tcp",
            "aws_security_group.out_all",
            "tls_private_key.key"
          ]
        }
      ]
    },
    {
      "mode": "managed",
      "type": "aws_autoscaling_group",
      "name": "web-reg",
      "provider": "provider.aws",
      "instances": [
        {
          "schema_version": 0,
          "attributes": {
            "arn": "arn:aws:autoscaling:us-east-2:918473837614:autoScalingGroup:6880f7b2-69c3-4866-b3a4-52da411e7d20:autoScalingGroupName/tf-asg-2020061115490465220000000d",
            "availability_zones": [
              "us-east-2a",
              "us-east-2b",
              "us-east-2c"
            ],
            "default_cooldown": 300,
            "desired_capacity": 2,
            "enabled_metrics": null,
            "force_delete": false,
            "health_check_grace_period": 300,
            "health_check_type": "EC2",
            "id": "tf-asg-2020061115490465220000000d",
            "initial_lifecycle_hook": [],
            "launch_configuration": "Web-reg-LC",
            "launch_template": [],
            "load_balancers": [],
            "max_instance_lifetime": 0,
            "max_size": 6,
            "metrics_granularity": "1Minute",
            "min_elb_capacity": null,
            "min_size": 2,
            "mixed_instances_policy": [],
            "name": "tf-asg-2020061115490465220000000d",
            "name_prefix": null,
            "placement_group": "",
            "protect_from_scale_in": false,
            "service_linked_role_arn": "arn:aws:iam::918473837614:role/aws-service-role/autoscaling.amazonaws.com/AWSServiceRoleForAutoScaling",
            "suspended_processes": null,
            "tag": [],
            "tags": null,
            "target_group_arns": [
              "arn:aws:elasticloadbalancing:us-east-2:918473837614:targetgroup/tf-2020061115443036980000000a/ddae7fb987f18e36"
            ],
            "termination_policies": null,
            "timeouts": null,
            "vpc_zone_identifier": [],
            "wait_for_capacity_timeout": "10m",
            "wait_for_elb_capacity": null
          },
          "private": "eyJlMmJmYjczMC1lY2FhLTExZTYtOGY4OC0zNDM2M2JjN2M0YzAiOnsiZGVsZXRlIjo2MDAwMDAwMDAwMDB9fQ==",
          "dependencies": [
            "aws_ami_from_instance.web-reg",
            "aws_default_vpc.default",
            "aws_iam_instance_profile.web-reg",
            "aws_iam_role.web-reg-iam-role",
            "aws_instance.web-reg",
            "aws_key_pair.key",
            "aws_launch_configuration.web-reg",
            "aws_lb_target_group.web-reg",
            "aws_security_group.in_22tcp",
            "aws_security_group.in_5000tcp",
            "aws_security_group.out_all",
            "tls_private_key.key"
          ]
        }
      ]
    },
    {
      "mode": "managed",
      "type": "aws_cloudfront_distribution",
      "name": "www",
      "provider": "provider.aws",
      "instances": [
        {
          "schema_version": 1,
          "attributes": {
            "active_trusted_signers": {
              "enabled": "false",
              "items.#": "0"
            },
            "aliases": [
              "www.traditional.hoot-cloud.com"
            ],
            "arn": "arn:aws:cloudfront::918473837614:distribution/E2YWXWHYTI82KB",
            "cache_behavior": [],
            "caller_reference": "terraform-2020061115472072590000000c",
            "comment": null,
            "custom_error_response": [],
            "default_cache_behavior": [
              {
                "allowed_methods": [
                  "DELETE",
                  "GET",
                  "HEAD",
                  "OPTIONS",
                  "PATCH",
                  "POST",
                  "PUT"
                ],
                "cached_methods": [
                  "GET",
                  "HEAD"
                ],
                "compress": true,
                "default_ttl": 86400,
                "field_level_encryption_id": "",
                "forwarded_values": [
                  {
                    "cookies": [
                      {
                        "forward": "none",
                        "whitelisted_names": null
                      }
                    ],
                    "headers": [
                      "*"
                    ],
                    "query_string": true,
                    "query_string_cache_keys": null
                  }
                ],
                "lambda_function_association": [],
                "max_ttl": 31536000,
                "min_ttl": 0,
                "smooth_streaming": false,
                "target_origin_id": "arn:aws:elasticloadbalancing:us-east-2:918473837614:loadbalancer/app/tf-lb-2020061115443125430000000b/a2603ee9dc966af3",
                "trusted_signers": null,
                "viewer_protocol_policy": "redirect-to-https"
              }
            ],
            "default_root_object": "",
            "domain_name": "d2czp3qjwanu0s.cloudfront.net",
            "enabled": true,
            "etag": "E2XUJ233S7Y2IK",
            "hosted_zone_id": "Z2FDTNDATAQYW2",
            "http_version": "http2",
            "id": "E2YWXWHYTI82KB",
            "in_progress_validation_batches": 0,
            "is_ipv6_enabled": true,
            "last_modified_time": "2020-06-11 15:47:21.922 +0000 UTC",
            "logging_config": [],
            "ordered_cache_behavior": [],
            "origin": [
              {
                "custom_header": [],
                "custom_origin_config": [
                  {
                    "http_port": 80,
                    "https_port": 443,
                    "origin_keepalive_timeout": 5,
                    "origin_protocol_policy": "http-only",
                    "origin_read_timeout": 30,
                    "origin_ssl_protocols": [
                      "TLSv1",
                      "TLSv1.1",
                      "TLSv1.2"
                    ]
                  }
                ],
                "domain_name": "tf-lb-2020061115443125430000000b-1319162017.us-east-2.elb.amazonaws.com",
                "origin_id": "arn:aws:elasticloadbalancing:us-east-2:918473837614:loadbalancer/app/tf-lb-2020061115443125430000000b/a2603ee9dc966af3",
                "origin_path": "",
                "s3_origin_config": []
              }
            ],
            "origin_group": [],
            "price_class": "PriceClass_100",
            "restrictions": [
              {
                "geo_restriction": [
                  {
                    "locations": null,
                    "restriction_type": "none"
                  }
                ]
              }
            ],
            "retain_on_delete": false,
            "status": "Deployed",
            "tags": null,
            "viewer_certificate": [
              {
                "acm_certificate_arn": "arn:aws:acm:us-east-1:918473837614:certificate/916b0052-5b14-426e-a02e-9e68df06099e",
                "cloudfront_default_certificate": false,
                "iam_certificate_id": "",
                "minimum_protocol_version": "TLSv1",
                "ssl_support_method": "sni-only"
              }
            ],
            "wait_for_deployment": true,
            "web_acl_id": ""
          },
          "private": "eyJzY2hlbWFfdmVyc2lvbiI6IjEifQ==",
          "dependencies": [
            "aws_acm_certificate.cert",
            "aws_acm_certificate_validation.cert",
            "aws_default_vpc.default",
            "aws_lb.web-reg",
            "aws_route53_record.cert_validation",
            "aws_security_group.in_80tcp",
            "aws_security_group.out_all"
          ]
        }
      ]
    },
    {
      "mode": "managed",
      "type": "aws_db_instance",
      "name": "postgres",
      "provider": "provider.aws",
      "instances": [
        {
          "schema_version": 1,
          "attributes": {
            "address": "terraform-20200611154427921100000009.cgmc4zajyzqg.us-east-2.rds.amazonaws.com",
            "allocated_storage": 20,
            "allow_major_version_upgrade": null,
            "apply_immediately": null,
            "arn": "arn:aws:rds:us-east-2:918473837614:db:terraform-20200611154427921100000009",
            "auto_minor_version_upgrade": true,
            "availability_zone": "us-east-2a",
            "backup_retention_period": 0,
            "backup_window": "09:26-09:56",
            "ca_cert_identifier": "rds-ca-2019",
            "character_set_name": null,
            "copy_tags_to_snapshot": false,
            "db_subnet_group_name": "default",
            "delete_automated_backups": true,
            "deletion_protection": false,
            "domain": "",
            "domain_iam_role_name": "",
            "enabled_cloudwatch_logs_exports": null,
            "endpoint": "terraform-20200611154427921100000009.cgmc4zajyzqg.us-east-2.rds.amazonaws.com:5432",
            "engine": "postgres",
            "engine_version": "11.7",
            "final_snapshot_identifier": null,
            "hosted_zone_id": "Z2XHWR1WZ565X2",
            "iam_database_authentication_enabled": false,
            "id": "terraform-20200611154427921100000009",
            "identifier": "terraform-20200611154427921100000009",
            "identifier_prefix": null,
            "instance_class": "db.t2.micro",
            "iops": 0,
            "kms_key_id": "",
            "license_model": "postgresql-license",
            "maintenance_window": "tue:05:16-tue:05:46",
            "max_allocated_storage": 0,
            "monitoring_interval": 0,
            "monitoring_role_arn": "",
            "multi_az": false,
            "name": "postgres",
            "option_group_name": "default:postgres-11",
            "parameter_group_name": "default.postgres11",
            "password": "psqlPassword-01",
            "performance_insights_enabled": false,
            "performance_insights_kms_key_id": "",
            "performance_insights_retention_period": 0,
            "port": 5432,
            "publicly_accessible": false,
            "replicas": [],
            "replicate_source_db": "",
            "resource_id": "db-RFKAB5TQQQKTKXJUKJYOO4Q4ZA",
            "s3_import": [],
            "security_group_names": null,
            "skip_final_snapshot": true,
            "snapshot_identifier": null,
            "status": "available",
            "storage_encrypted": false,
            "storage_type": "gp2",
            "tags": null,
            "timeouts": null,
            "timezone": "",
            "username": "postgres",
            "vpc_security_group_ids": [
              "sg-03171cb8ad447e549",
              "sg-0dfecb82b6f2832e4"
            ]
          },
          "private": "eyJlMmJmYjczMC1lY2FhLTExZTYtOGY4OC0zNDM2M2JjN2M0YzAiOnsiY3JlYXRlIjoyNDAwMDAwMDAwMDAwLCJkZWxldGUiOjI0MDAwMDAwMDAwMDAsInVwZGF0ZSI6NDgwMDAwMDAwMDAwMH0sInNjaGVtYV92ZXJzaW9uIjoiMSJ9",
          "dependencies": [
            "aws_security_group.in_5432tcp",
            "aws_security_group.out_all"
          ]
        }
      ]
    },
    {
      "mode": "managed",
      "type": "aws_default_vpc",
      "name": "default",
      "provider": "provider.aws",
      "instances": [
        {
          "schema_version": 1,
          "attributes": {
            "arn": "arn:aws:ec2:us-east-2:918473837614:vpc/vpc-dba178b0",
            "assign_generated_ipv6_cidr_block": false,
            "cidr_block": "172.31.0.0/16",
            "default_network_acl_id": "acl-a3a024c8",
            "default_route_table_id": "rtb-d191f7ba",
            "default_security_group_id": "sg-dc55eca7",
            "dhcp_options_id": "dopt-5522913e",
            "enable_classiclink": null,
            "enable_classiclink_dns_support": null,
            "enable_dns_hostnames": true,
            "enable_dns_support": true,
            "id": "vpc-dba178b0",
            "instance_tenancy": "default",
            "ipv6_association_id": "",
            "ipv6_cidr_block": "",
            "main_route_table_id": "rtb-d191f7ba",
            "owner_id": "918473837614",
            "tags": null
          },
          "private": "eyJzY2hlbWFfdmVyc2lvbiI6IjEifQ=="
        }
      ]
    },
    {
      "mode": "managed",
      "type": "aws_iam_instance_profile",
      "name": "web-reg",
      "provider": "provider.aws",
      "instances": [
        {
          "schema_version": 0,
          "attributes": {
            "arn": "arn:aws:iam::918473837614:instance-profile/terraform-20200611154424339500000008",
            "create_date": "2020-06-11T15:44:24Z",
            "id": "terraform-20200611154424339500000008",
            "name": "terraform-20200611154424339500000008",
            "name_prefix": null,
            "path": "/",
            "role": "terraform-20200611154422276600000004",
            "roles": [],
            "unique_id": "AIPA5LWKORQXMGINQRLVZ"
          },
          "private": "bnVsbA==",
          "dependencies": [
            "aws_iam_role.web-reg-iam-role"
          ]
        }
      ]
    },
    {
      "mode": "managed",
      "type": "aws_iam_role",
      "name": "web-reg-iam-role",
      "provider": "provider.aws",
      "instances": [
        {
          "schema_version": 0,
          "attributes": {
            "arn": "arn:aws:iam::918473837614:role/terraform-20200611154422276600000004",
            "assume_role_policy": "{\"Version\":\"2012-10-17\",\"Statement\":[{\"Sid\":\"\",\"Effect\":\"Allow\",\"Principal\":{\"Service\":\"ec2.amazonaws.com\"},\"Action\":\"sts:AssumeRole\"}]}",
            "create_date": "2020-06-11T15:44:23Z",
            "description": "",
            "force_detach_policies": false,
            "id": "terraform-20200611154422276600000004",
            "max_session_duration": 3600,
            "name": "terraform-20200611154422276600000004",
            "name_prefix": null,
            "path": "/",
            "permissions_boundary": null,
            "tags": null,
            "unique_id": "AROA5LWKORQXDJPUABCAA"
          },
          "private": "bnVsbA=="
        }
      ]
    },
    {
      "mode": "managed",
      "type": "aws_iam_role_policy",
      "name": "web-reg-role-policy",
      "provider": "provider.aws",
      "instances": [
        {
          "schema_version": 0,
          "attributes": {
            "id": "terraform-20200611154422276600000004:terraform-20200611154424339500000007",
            "name": "terraform-20200611154424339500000007",
            "name_prefix": null,
            "policy": "{\n    \"Version\": \"2012-10-17\",\n    \"Statement\": [\n        {\n            \"Sid\":\"AllowAllRDS\",\n            \"Effect\": \"Allow\",\n            \"Action\": \"rds:*\",\n            \"Resource\": [\"arn:aws:rds:region:*:*\"]\n        },\n        {\n            \"Effect\": \"Allow\",\n            \"Action\": [\"rds:Describe*\"],\n            \"Resource\": [\"*\"]\n        }\n    ]\n}\n",
            "role": "terraform-20200611154422276600000004"
          },
          "private": "bnVsbA==",
          "dependencies": [
            "aws_iam_role.web-reg-iam-role"
          ]
        }
      ]
    },
    {
      "mode": "managed",
      "type": "aws_instance",
      "name": "web-reg",
      "provider": "provider.aws",
      "instances": [
        {
          "schema_version": 1,
          "attributes": {
            "ami": "ami-0a040c35ca945058a",
            "arn": "arn:aws:ec2:us-east-2:918473837614:instance/i-0a43c16702d1e58f0",
            "associate_public_ip_address": true,
            "availability_zone": "us-east-2c",
            "cpu_core_count": 1,
            "cpu_threads_per_core": 1,
            "credit_specification": [
              {
                "cpu_credits": "standard"
              }
            ],
            "disable_api_termination": false,
            "ebs_block_device": [],
            "ebs_optimized": false,
            "ephemeral_block_device": [],
            "get_password_data": false,
            "hibernation": false,
            "host_id": null,
            "iam_instance_profile": "",
            "id": "i-0a43c16702d1e58f0",
            "instance_initiated_shutdown_behavior": null,
            "instance_state": "running",
            "instance_type": "t2.micro",
            "ipv6_address_count": 0,
            "ipv6_addresses": [],
            "key_name": "FOTD-Key2",
            "metadata_options": [
              {
                "http_endpoint": "enabled",
                "http_put_response_hop_limit": 1,
                "http_tokens": "optional"
              }
            ],
            "monitoring": false,
            "network_interface": [],
            "network_interface_id": null,
            "outpost_arn": "",
            "password_data": "",
            "placement_group": "",
            "primary_network_interface_id": "eni-0ae78e226b202264e",
            "private_dns": "ip-172-31-45-35.us-east-2.compute.internal",
            "private_ip": "172.31.45.35",
            "public_dns": "ec2-18-218-124-102.us-east-2.compute.amazonaws.com",
            "public_ip": "18.218.124.102",
            "root_block_device": [
              {
                "delete_on_termination": true,
                "device_name": "/dev/sda1",
                "encrypted": false,
                "iops": 100,
                "kms_key_id": "",
                "volume_id": "vol-0350447d3ee52af15",
                "volume_size": 8,
                "volume_type": "gp2"
              }
            ],
            "security_groups": [
              "terraform-20200611154422254500000003",
              "terraform-20200611154422278500000006"
            ],
            "source_dest_check": true,
            "subnet_id": "subnet-74d5b238",
            "tags": null,
            "tenancy": "default",
            "timeouts": null,
            "user_data": null,
            "user_data_base64": null,
            "volume_tags": {},
            "vpc_security_group_ids": [
              "sg-0063e3b5a31091ba7",
              "sg-03171cb8ad447e549"
            ]
          },
          "private": "eyJlMmJmYjczMC1lY2FhLTExZTYtOGY4OC0zNDM2M2JjN2M0YzAiOnsiY3JlYXRlIjo2MDAwMDAwMDAwMDAsImRlbGV0ZSI6MTIwMDAwMDAwMDAwMCwidXBkYXRlIjo2MDAwMDAwMDAwMDB9LCJzY2hlbWFfdmVyc2lvbiI6IjEifQ==",
          "dependencies": [
            "aws_key_pair.key",
            "aws_security_group.in_22tcp",
            "aws_security_group.out_all",
            "tls_private_key.key"
          ]
        }
      ]
    },
    {
      "mode": "managed",
      "type": "aws_key_pair",
      "name": "key",
      "provider": "provider.aws",
      "instances": [
        {
          "schema_version": 1,
          "attributes": {
            "fingerprint": "e2:15:d3:b0:1e:79:2b:80:5c:4a:de:92:9c:3e:cc:21",
            "id": "FOTD-Key2",
            "key_name": "FOTD-Key2",
            "key_name_prefix": null,
            "key_pair_id": "key-02d66c797d36d00ae",
            "public_key": "ssh-rsa AAAAB3NzaC1yc2EAAAADAQABAAACAQDEDwxmuWKeVJC+L6v5IdL1fTJMH6Ul/UDyQ9nMXN9W8xM7xeef49Bxb37I9pzDjR6FIy6BGx7Pm9C0wyRmvLjNpxvNb8UCIYAdM7RtLpMCRe9Vcl28TywXTIDCN1q6uR3xHwL6IwTT45efU3bYnfX3P35QdoxD0eU81HDhukFAp8IL6q3nSfEp72FQtTWvjRJjqn0LfOfE3XM62sk5inMlKA0DPdR80WVkDjUFr0IdavfVEtf86419jAmafcfeNiRJjGhma6sOCn38IO8aGvAIgwdhU5nnLtu6LYONhJbFptOIn+ye8zf+GWYTgTb36ACHbRbLhqf2RmjV7SQvEi1NV3sQiWe1lfJXRRJxaWMEnGer3AhctlqDEcw4YyHCNTDPKSN5W9vab8gZbrASAyX0g8awXY9A/kwHSbnYhdxJR5z96rmlz1N6bVKaG4VES974pK0lzxU7KphUff9O87TtI0Qlo/Cw58h6+a/RFoJwYbfZftLfIm6mks/CRNn/0Yo0g9vouLaU++PgCmcHsUU2b3mh6i74GpvaZZZKsjn/NGBmDrJbkyBoi2Uwz+7Uy9Cx8wCMAUds0RzfvEOns26fi5O9peG6jjO/aNZmeBrmGmoBiCUSyFIkd9a1tS7vODwLbg1fkOhW8xTzkCSLnzeBt788Le3748aiX0/J+LRqjw==",
            "tags": null
          },
          "private": "eyJzY2hlbWFfdmVyc2lvbiI6IjEifQ==",
          "dependencies": [
            "tls_private_key.key"
          ]
        }
      ]
    },
    {
      "mode": "managed",
      "type": "aws_launch_configuration",
      "name": "web-reg",
      "provider": "provider.aws",
      "instances": [
        {
          "schema_version": 0,
          "attributes": {
            "arn": "arn:aws:autoscaling:us-east-2:918473837614:launchConfiguration:74df57c5-f1d5-421a-ad0f-346e24344764:launchConfigurationName/Web-reg-LC",
            "associate_public_ip_address": false,
            "ebs_block_device": [],
            "ebs_optimized": false,
            "enable_monitoring": true,
            "ephemeral_block_device": [],
            "iam_instance_profile": "terraform-20200611154424339500000008",
            "id": "Web-reg-LC",
            "image_id": "ami-0626f0b51612abf4d",
            "instance_type": "t2.micro",
            "key_name": "",
            "name": "Web-reg-LC",
            "name_prefix": null,
            "placement_tenancy": null,
            "root_block_device": [],
            "security_groups": [
              "sg-03171cb8ad447e549",
              "sg-09df74750eb05a956"
            ],
            "spot_price": "",
            "user_data": null,
            "user_data_base64": null,
            "vpc_classic_link_id": "",
            "vpc_classic_link_security_groups": null
          },
          "private": "bnVsbA==",
          "dependencies": [
            "aws_ami_from_instance.web-reg",
            "aws_iam_instance_profile.web-reg",
            "aws_iam_role.web-reg-iam-role",
            "aws_instance.web-reg",
            "aws_key_pair.key",
            "aws_security_group.in_22tcp",
            "aws_security_group.in_5000tcp",
            "aws_security_group.out_all",
            "tls_private_key.key"
          ]
        }
      ]
    },
    {
      "mode": "managed",
      "type": "aws_lb",
      "name": "web-reg",
      "provider": "provider.aws",
      "instances": [
        {
          "schema_version": 0,
          "attributes": {
            "access_logs": [
              {
                "bucket": "",
                "enabled": false,
                "prefix": ""
              }
            ],
            "arn": "arn:aws:elasticloadbalancing:us-east-2:918473837614:loadbalancer/app/tf-lb-2020061115443125430000000b/a2603ee9dc966af3",
            "arn_suffix": "app/tf-lb-2020061115443125430000000b/a2603ee9dc966af3",
            "dns_name": "tf-lb-2020061115443125430000000b-1319162017.us-east-2.elb.amazonaws.com",
            "drop_invalid_header_fields": false,
            "enable_cross_zone_load_balancing": null,
            "enable_deletion_protection": false,
            "enable_http2": true,
            "id": "arn:aws:elasticloadbalancing:us-east-2:918473837614:loadbalancer/app/tf-lb-2020061115443125430000000b/a2603ee9dc966af3",
            "idle_timeout": 60,
            "internal": false,
            "ip_address_type": "ipv4",
            "load_balancer_type": "application",
            "name": "tf-lb-2020061115443125430000000b",
            "name_prefix": null,
            "security_groups": [
              "sg-03171cb8ad447e549",
              "sg-0c874cd1dab97bb4d"
            ],
            "subnet_mapping": [
              {
                "allocation_id": "",
                "subnet_id": "subnet-4fe92824"
              },
              {
                "allocation_id": "",
                "subnet_id": "subnet-74d5b238"
              },
              {
                "allocation_id": "",
                "subnet_id": "subnet-bbe1dec1"
              }
            ],
            "subnets": [
              "subnet-4fe92824",
              "subnet-74d5b238",
              "subnet-bbe1dec1"
            ],
            "tags": null,
            "timeouts": null,
            "vpc_id": "vpc-dba178b0",
            "zone_id": "Z3AADJGX6KTTL2"
          },
          "private": "eyJlMmJmYjczMC1lY2FhLTExZTYtOGY4OC0zNDM2M2JjN2M0YzAiOnsiY3JlYXRlIjo2MDAwMDAwMDAwMDAsImRlbGV0ZSI6NjAwMDAwMDAwMDAwLCJ1cGRhdGUiOjYwMDAwMDAwMDAwMH19",
          "dependencies": [
            "aws_default_vpc.default",
            "aws_security_group.in_80tcp",
            "aws_security_group.out_all"
          ]
        }
      ]
    },
    {
      "mode": "managed",
      "type": "aws_lb_listener",
      "name": "web-reg",
      "provider": "provider.aws",
      "instances": [
        {
          "schema_version": 0,
          "attributes": {
            "arn": "arn:aws:elasticloadbalancing:us-east-2:918473837614:listener/app/tf-lb-2020061115443125430000000b/a2603ee9dc966af3/7a1f6fd1649a1ddc",
            "certificate_arn": null,
            "default_action": [
              {
                "authenticate_cognito": [],
                "authenticate_oidc": [],
                "fixed_response": [],
                "forward": [],
                "order": 1,
                "redirect": [],
                "target_group_arn": "arn:aws:elasticloadbalancing:us-east-2:918473837614:targetgroup/tf-2020061115443036980000000a/ddae7fb987f18e36",
                "type": "forward"
              }
            ],
            "id": "arn:aws:elasticloadbalancing:us-east-2:918473837614:listener/app/tf-lb-2020061115443125430000000b/a2603ee9dc966af3/7a1f6fd1649a1ddc",
            "load_balancer_arn": "arn:aws:elasticloadbalancing:us-east-2:918473837614:loadbalancer/app/tf-lb-2020061115443125430000000b/a2603ee9dc966af3",
            "port": 80,
            "protocol": "HTTP",
            "ssl_policy": "",
            "timeouts": null
          },
          "private": "eyJlMmJmYjczMC1lY2FhLTExZTYtOGY4OC0zNDM2M2JjN2M0YzAiOnsicmVhZCI6NjAwMDAwMDAwMDAwfX0=",
          "dependencies": [
            "aws_default_vpc.default",
            "aws_lb.web-reg",
            "aws_lb_target_group.web-reg",
            "aws_security_group.in_80tcp",
            "aws_security_group.out_all"
          ]
        }
      ]
    },
    {
      "mode": "managed",
      "type": "aws_lb_target_group",
      "name": "web-reg",
      "provider": "provider.aws",
      "instances": [
        {
          "schema_version": 0,
          "attributes": {
            "arn": "arn:aws:elasticloadbalancing:us-east-2:918473837614:targetgroup/tf-2020061115443036980000000a/ddae7fb987f18e36",
            "arn_suffix": "targetgroup/tf-2020061115443036980000000a/ddae7fb987f18e36",
            "deregistration_delay": 300,
            "health_check": [
              {
                "enabled": true,
                "healthy_threshold": 3,
                "interval": 5,
                "matcher": "200",
                "path": "/get",
                "port": "traffic-port",
                "protocol": "HTTP",
                "timeout": 2,
                "unhealthy_threshold": 3
              }
            ],
            "id": "arn:aws:elasticloadbalancing:us-east-2:918473837614:targetgroup/tf-2020061115443036980000000a/ddae7fb987f18e36",
            "lambda_multi_value_headers_enabled": false,
            "load_balancing_algorithm_type": "round_robin",
            "name": "tf-2020061115443036980000000a",
            "name_prefix": null,
            "port": 5000,
            "protocol": "HTTP",
            "proxy_protocol_v2": false,
            "slow_start": 0,
            "stickiness": [
              {
                "cookie_duration": 86400,
                "enabled": false,
                "type": "lb_cookie"
              }
            ],
            "tags": null,
            "target_type": "instance",
            "vpc_id": "vpc-dba178b0"
          },
          "private": "bnVsbA==",
          "dependencies": [
            "aws_default_vpc.default"
          ]
        }
      ]
    },
    {
      "mode": "managed",
      "type": "aws_route53_record",
      "name": "cert_validation",
      "provider": "provider.aws",
      "instances": [
        {
          "schema_version": 2,
          "attributes": {
            "alias": [],
            "allow_overwrite": true,
            "failover_routing_policy": [],
            "fqdn": "_4546f5f00828a11d806189848e291c4d.traditional.hoot-cloud.com",
            "geolocation_routing_policy": [],
            "health_check_id": null,
            "id": "Z02564672XQCUJGXTZT2V__4546f5f00828a11d806189848e291c4d.traditional.hoot-cloud.com._CNAME",
            "latency_routing_policy": [],
            "multivalue_answer_routing_policy": null,
            "name": "_4546f5f00828a11d806189848e291c4d.traditional.hoot-cloud.com",
            "records": [
              "_bb54a7f729bfca14d9f070eb07d36f79.tfmgdnztqk.acm-validations.aws."
            ],
            "set_identifier": null,
            "ttl": 60,
            "type": "CNAME",
            "weighted_routing_policy": [],
            "zone_id": "Z02564672XQCUJGXTZT2V"
          },
          "private": "eyJzY2hlbWFfdmVyc2lvbiI6IjIifQ==",
          "dependencies": [
            "aws_acm_certificate.cert"
          ]
        }
      ]
    },
    {
      "mode": "managed",
      "type": "aws_route53_record",
      "name": "demodb1",
      "provider": "provider.aws",
      "instances": [
        {
          "schema_version": 2,
          "attributes": {
            "alias": [],
            "allow_overwrite": true,
            "failover_routing_policy": [],
            "fqdn": "demodb1.hoot-cloud.com",
            "geolocation_routing_policy": [],
            "health_check_id": null,
            "id": "Z02564672XQCUJGXTZT2V_demodb1.hoot-cloud.com_CNAME",
            "latency_routing_policy": [],
            "multivalue_answer_routing_policy": null,
            "name": "demodb1.hoot-cloud.com",
            "records": [
              "terraform-20200611154427921100000009.cgmc4zajyzqg.us-east-2.rds.amazonaws.com"
            ],
            "set_identifier": null,
            "ttl": 300,
            "type": "CNAME",
            "weighted_routing_policy": [],
            "zone_id": "Z02564672XQCUJGXTZT2V"
          },
          "private": "eyJzY2hlbWFfdmVyc2lvbiI6IjIifQ==",
          "dependencies": [
            "aws_db_instance.postgres",
            "aws_security_group.in_5432tcp",
            "aws_security_group.out_all"
          ]
        }
      ]
    },
    {
      "mode": "managed",
      "type": "aws_route53_record",
      "name": "www",
      "provider": "provider.aws",
      "instances": [
        {
          "schema_version": 2,
          "attributes": {
            "alias": [
              {
                "evaluate_target_health": false,
                "name": "d2czp3qjwanu0s.cloudfront.net",
                "zone_id": "Z2FDTNDATAQYW2"
              }
            ],
            "allow_overwrite": null,
            "failover_routing_policy": [],
            "fqdn": "www.traditional.hoot-cloud.com",
            "geolocation_routing_policy": [],
            "health_check_id": null,
            "id": "Z02564672XQCUJGXTZT2V_www.traditional_A",
            "latency_routing_policy": [],
            "multivalue_answer_routing_policy": null,
            "name": "www.traditional",
            "records": null,
            "set_identifier": null,
            "ttl": null,
            "type": "A",
            "weighted_routing_policy": [],
            "zone_id": "Z02564672XQCUJGXTZT2V"
          },
          "private": "eyJzY2hlbWFfdmVyc2lvbiI6IjIifQ==",
          "dependencies": [
            "aws_acm_certificate.cert",
            "aws_acm_certificate_validation.cert",
            "aws_cloudfront_distribution.www",
            "aws_default_vpc.default",
            "aws_lb.web-reg",
            "aws_route53_record.cert_validation",
            "aws_security_group.in_80tcp",
            "aws_security_group.out_all"
          ]
        }
      ]
    },
    {
      "mode": "managed",
      "type": "aws_security_group",
      "name": "in_22tcp",
      "provider": "provider.aws",
      "instances": [
        {
          "schema_version": 1,
          "attributes": {
            "arn": "arn:aws:ec2:us-east-2:918473837614:security-group/sg-0063e3b5a31091ba7",
            "description": "Managed by Terraform",
            "egress": [],
            "id": "sg-0063e3b5a31091ba7",
            "ingress": [
              {
                "cidr_blocks": [
                  "0.0.0.0/0"
                ],
                "description": "",
                "from_port": 22,
                "ipv6_cidr_blocks": [
                  "::/0"
                ],
                "prefix_list_ids": [],
                "protocol": "tcp",
                "security_groups": [],
                "self": false,
                "to_port": 22
              }
            ],
            "name": "terraform-20200611154422278500000006",
            "name_prefix": null,
            "owner_id": "918473837614",
            "revoke_rules_on_delete": false,
            "tags": null,
            "timeouts": null,
            "vpc_id": "vpc-dba178b0"
          },
          "private": "eyJlMmJmYjczMC1lY2FhLTExZTYtOGY4OC0zNDM2M2JjN2M0YzAiOnsiY3JlYXRlIjo2MDAwMDAwMDAwMDAsImRlbGV0ZSI6NjAwMDAwMDAwMDAwfSwic2NoZW1hX3ZlcnNpb24iOiIxIn0="
        }
      ]
    },
    {
      "mode": "managed",
      "type": "aws_security_group",
      "name": "in_5000tcp",
      "provider": "provider.aws",
      "instances": [
        {
          "schema_version": 1,
          "attributes": {
            "arn": "arn:aws:ec2:us-east-2:918473837614:security-group/sg-09df74750eb05a956",
            "description": "Managed by Terraform",
            "egress": [],
            "id": "sg-09df74750eb05a956",
            "ingress": [
              {
                "cidr_blocks": [
                  "0.0.0.0/0"
                ],
                "description": "",
                "from_port": 5000,
                "ipv6_cidr_blocks": [
                  "::/0"
                ],
                "prefix_list_ids": [],
                "protocol": "tcp",
                "security_groups": [],
                "self": false,
                "to_port": 5000
              }
            ],
            "name": "terraform-20200611154422277900000005",
            "name_prefix": null,
            "owner_id": "918473837614",
            "revoke_rules_on_delete": false,
            "tags": null,
            "timeouts": null,
            "vpc_id": "vpc-dba178b0"
          },
          "private": "eyJlMmJmYjczMC1lY2FhLTExZTYtOGY4OC0zNDM2M2JjN2M0YzAiOnsiY3JlYXRlIjo2MDAwMDAwMDAwMDAsImRlbGV0ZSI6NjAwMDAwMDAwMDAwfSwic2NoZW1hX3ZlcnNpb24iOiIxIn0="
        }
      ]
    },
    {
      "mode": "managed",
      "type": "aws_security_group",
      "name": "in_5432tcp",
      "provider": "provider.aws",
      "instances": [
        {
          "schema_version": 1,
          "attributes": {
            "arn": "arn:aws:ec2:us-east-2:918473837614:security-group/sg-0dfecb82b6f2832e4",
            "description": "Managed by Terraform",
            "egress": [],
            "id": "sg-0dfecb82b6f2832e4",
            "ingress": [
              {
                "cidr_blocks": [
                  "0.0.0.0/0"
                ],
                "description": "",
                "from_port": 5432,
                "ipv6_cidr_blocks": [
                  "::/0"
                ],
                "prefix_list_ids": [],
                "protocol": "tcp",
                "security_groups": [],
                "self": false,
                "to_port": 5432
              }
            ],
            "name": "terraform-20200611154422248900000001",
            "name_prefix": null,
            "owner_id": "918473837614",
            "revoke_rules_on_delete": false,
            "tags": null,
            "timeouts": null,
            "vpc_id": "vpc-dba178b0"
          },
          "private": "eyJlMmJmYjczMC1lY2FhLTExZTYtOGY4OC0zNDM2M2JjN2M0YzAiOnsiY3JlYXRlIjo2MDAwMDAwMDAwMDAsImRlbGV0ZSI6NjAwMDAwMDAwMDAwfSwic2NoZW1hX3ZlcnNpb24iOiIxIn0="
        }
      ]
    },
    {
      "mode": "managed",
      "type": "aws_security_group",
      "name": "in_80tcp",
      "provider": "provider.aws",
      "instances": [
        {
          "schema_version": 1,
          "attributes": {
            "arn": "arn:aws:ec2:us-east-2:918473837614:security-group/sg-0c874cd1dab97bb4d",
            "description": "Managed by Terraform",
            "egress": [],
            "id": "sg-0c874cd1dab97bb4d",
            "ingress": [
              {
                "cidr_blocks": [
                  "0.0.0.0/0"
                ],
                "description": "",
                "from_port": 80,
                "ipv6_cidr_blocks": [
                  "::/0"
                ],
                "prefix_list_ids": [],
                "protocol": "tcp",
                "security_groups": [],
                "self": false,
                "to_port": 80
              }
            ],
            "name": "terraform-20200611154422248900000002",
            "name_prefix": null,
            "owner_id": "918473837614",
            "revoke_rules_on_delete": false,
            "tags": null,
            "timeouts": null,
            "vpc_id": "vpc-dba178b0"
          },
          "private": "eyJlMmJmYjczMC1lY2FhLTExZTYtOGY4OC0zNDM2M2JjN2M0YzAiOnsiY3JlYXRlIjo2MDAwMDAwMDAwMDAsImRlbGV0ZSI6NjAwMDAwMDAwMDAwfSwic2NoZW1hX3ZlcnNpb24iOiIxIn0="
        }
      ]
    },
    {
      "mode": "managed",
      "type": "aws_security_group",
      "name": "out_all",
      "provider": "provider.aws",
      "instances": [
        {
          "schema_version": 1,
          "attributes": {
            "arn": "arn:aws:ec2:us-east-2:918473837614:security-group/sg-03171cb8ad447e549",
            "description": "Managed by Terraform",
            "egress": [
              {
                "cidr_blocks": [
                  "0.0.0.0/0"
                ],
                "description": "",
                "from_port": 0,
                "ipv6_cidr_blocks": [
                  "::/0"
                ],
                "prefix_list_ids": [],
                "protocol": "-1",
                "security_groups": [],
                "self": false,
                "to_port": 0
              }
            ],
            "id": "sg-03171cb8ad447e549",
            "ingress": [],
            "name": "terraform-20200611154422254500000003",
            "name_prefix": null,
            "owner_id": "918473837614",
            "revoke_rules_on_delete": false,
            "tags": null,
            "timeouts": null,
            "vpc_id": "vpc-dba178b0"
          },
          "private": "eyJlMmJmYjczMC1lY2FhLTExZTYtOGY4OC0zNDM2M2JjN2M0YzAiOnsiY3JlYXRlIjo2MDAwMDAwMDAwMDAsImRlbGV0ZSI6NjAwMDAwMDAwMDAwfSwic2NoZW1hX3ZlcnNpb24iOiIxIn0="
        }
      ]
    },
    {
      "mode": "managed",
      "type": "tls_private_key",
      "name": "key",
      "provider": "provider.tls",
      "instances": [
        {
          "schema_version": 0,
          "attributes": {
            "algorithm": "RSA",
            "ecdsa_curve": "P224",
            "id": "797c0ae2ef2534b3332124632e39c4752e0e81ec",
            "private_key_pem": "-----BEGIN RSA PRIVATE KEY-----\nMIIJKAIBAAKCAgEAxA8MZrlinlSQvi+r+SHS9X0yTB+lJf1A8kPZzFzfVvMTO8Xn\nn+PQcW9+yPacw40ehSMugRsez5vQtMMkZry4zacbzW/FAiGAHTO0bS6TAkXvVXJd\nvE8sF0yAwjdaurkd8R8C+iME0+OXn1N22J319z9+UHaMQ9HlPNRw4bpBQKfCC+qt\n50nxKe9hULU1r40SY6p9C3znxN1zOtrJOYpzJSgNAz3UfNFlZA41Ba9CHWr31RLX\n/OuNfYwJmn3H3jYkSYxoZmurDgp9/CDvGhrwCIMHYVOZ5y7bui2DjYSWxabTiJ/s\nnvM3/hlmE4E29+gAh20Wy4an9kZo1e0kLxItTVd7EIlntZXyV0UScWljBJxnq9wI\nXLZagxHMOGMhwjUwzykjeVvb2m/IGW6wEgMl9IPGsF2PQP5MB0m52IXcSUec/eq5\npc9Tem1SmhuFREve+KStJc8VOyqYVH3/TvO07SNEJaPwsOfIevmv0RaCcGG32X7S\n3yJuppLPwkTZ/9GKNIPb6Li2lPvj4ApnB7FFNm95oeou+Bqb2mWWSrI5/zRgZg6y\nW5MgaItlMM/u1MvQsfMAjAFHbNEc37xDp7Nun4uTvaXhuo4zv2jWZnga5hpqAYgl\nEshSJHfWtbUu7zg8C24NX5DoVvMU85Aki583gbe/PC3t++PGol9Pyfi0ao8CAwEA\nAQKCAgEAujFMZrYCWTkYaPXfDW846FiojrCy51wW9LzJN5Kvq+SWzHpLWYZB66im\nMHY8NF5tsKTTwlqeLS3dy/1TMZpiqzPbbIOMBlUIVTNIUzQa+tqty2kcafyKc+n8\nkfV93bx2GgqIikL9j7khwnbCdD+3WsLa09FxrerFGLrsJQL8e0mWODj8RJ3tQRUM\nR1iAjqKb5zj/HgzWExj4GNm0pke8yHm7uetbQ9qcvqPbaPWjBUsT6C/IHXMaYTO/\n3w864+ZpGcwVTcdMoL4IHYytZg5VDNBbDuwVSf8vPyWAPMLBaR3g4Gx4jA+RimhW\nj4l0SYT0E6jfMBRGqNT/NMLMTUOm7pXw9s80DiSVQ96ZPPdrGuOrrHkKRt+jz+kT\nWrJEY1cSGBcLP4RxxJZzNbSwej9qsq/3E+ujouDv8hBYX7SfIOk5n8LRNAIT521i\n3cV80Dgh8i7Fsh1yyEV9SADHVLiN3+k8VPJHZ5qA0yGQudHg0cgIVgt58ubM8VEJ\nO0GH0ZY2iEAjZvwpA/Dt9VNILe5HTASPix465SfbIQ4T2DY61Kke8Tq0NRpEwZM5\nDsMmSpVLE3CPU9VGBuGrqbZzh4vsk87EiMPjQMBct+p2Oy+mFMgFPMmAUsJEW/Py\nQMXtstQxfx3+7wIENTVcBy94QpQ64VaLODnV/52zS2sRvuwsyNkCggEBAN7zkR7h\nEwKzbGKR+lMuXjm9JdMkcogktjT80DoaOuZ6uq/Ihh6lW0nDwtoNMrG9wqmOiHuu\nKuY7TklmSidWBBuilmSu4CohH1VX+L5EkkcBD/4KopayNpK3xhWaW3pI2RL5wbDB\nMkmoXXBIi8VjmmKCtcwJUiTQ3PAqQhNXBeTgCWOtVEsno2z47KhWSAq7r1AVokG7\nfZ5i4A7jd/xGtmpEAZyjxGuHViL/Di9hhsCzmmWwxPbd66gDaDlRrT9pUQhPN6Pn\nVoC1QGsv3Vwp7Xyr8O0irQiQa54WGN/PBuWhe0egYrq4CejCNSw67ufzyxuQS8Kx\nWfbJOpwZZEcnpzUCggEBAOEe+YX3KXOr3ZAQqaBzASKmgi6OQQ0Xlz9sKTWsR4Kd\nF34XnoeNolovaSbqnmVjmITJGKxIQlQwN52x2boNNHNFBpQNPI9o2WdtjUUbIHhp\n27uK50XO+ka7+L7ZCx4IfgoHgmnqP+/2rCnkVI/bKcl7FF+bR7Jwwp0+XrA+Di6G\nQBNSTFFK6UZJp9KxyGGEZcDEz9OqAErBn0FxKctrwn2Ijh0MVUatfHp+jRd+Eyo9\nTJ0Msr1bQHHv/wgvvNkpyZ1W9ezvXFvJWLRi0mG7igqOc5cVvqlB1ZNlSfbunolu\nWneNxyKfeZ3ZfCqFAf4bo/JluTYr/R7Gr+9Zrhs6DzMCggEAc6pJD4wVIMGU6U5y\nX9UebTYD+ZZfFOJ25OaD4KDbDdd+ItQVQLDou0wkOpu+QRgBdZXMmN2yw97grpOy\nxNWLLAsdmv5erXyhlNUe5xcMDGowscsyrpumVFejHHIII1jHxWBtbBXO0QfX8fix\nCqax4YmOZ1wukYsKFE7YGNB87lCMjnnN0W+vCUna/TpGBct5GEMg+pkagqEpPJAm\nH2tQF7FQZMNRk7eSqHVKFqqyDicfYsJibPCU4YVi/Nmy18L7lyQB6baK2hsuYG1k\nmfvmiVdqlpv2yQqjylAMd5AgM+Gi43YBwnzYJzkZ/OhWKWABbztdEpSP58hd7738\nmC2qQQKCAQAayivZhGM7b61rMoBtJqJw9C2zypv1KeSG2KFC0OClq3obOEZWTUWP\nw+qYhf0ZhbOlwaSdA/BYwnAr5PlLCb0/Jmy0+6pESq7sfv37xlGj4r0SYWJKTWo9\nNqtQUtXe2hXdra0YW5cGQG2WgqSJhgRABNSU2A69LmwKeFyeTpQzdyhy5C1O00JV\nafh9u0hkSnQtb35n6ugj/UytZgEaQxWfCLwYutn/EjApB5xUul0ffrH6UoOGwzA1\nHuFToRKxKSbkAXA8pPNxvNFAji4JEV9JCFC7HwxUahA3fStDJnxZUHeVmJqlBSNc\n5H/BM5jcG3/0HaTfzHZPzkcrjZmJhew/AoIBAAQA9TI6/VfH8dOSK5mCrHH0wEx+\n9UNa08JBBptwZfL8b8QCGDBAb8tNVmJd1oex2lcFzXKmd4i9XbniG1PxyIj3csVu\nTBOes8RBukU1fFkyUpCmTGnZDqYYEZg4jdVbqIwT0dy7y1RTId0dghDyoe3yequC\nTOgfX4qAM0UgR6HyPvgJQ7WL2q+kc8VyyHshENuosPpjNLTu8NoC4eFo42JK128t\nvKv1OjFGHLk4vOM8vW+CZdAW1WEyVv1tx3nEu8WXXsTuveTKxQNqG/Va5UVVdd++\nMarhpinHYZbAn5zA1UeA34OVmuOZ+BPI8GTFKklCsNngNpOU0Gtn46taJkA=\n-----END RSA PRIVATE KEY-----\n",
            "public_key_fingerprint_md5": "93:7f:77:e4:17:9c:16:9a:88:4a:f4:4a:79:eb:56:79",
            "public_key_openssh": "ssh-rsa AAAAB3NzaC1yc2EAAAADAQABAAACAQDEDwxmuWKeVJC+L6v5IdL1fTJMH6Ul/UDyQ9nMXN9W8xM7xeef49Bxb37I9pzDjR6FIy6BGx7Pm9C0wyRmvLjNpxvNb8UCIYAdM7RtLpMCRe9Vcl28TywXTIDCN1q6uR3xHwL6IwTT45efU3bYnfX3P35QdoxD0eU81HDhukFAp8IL6q3nSfEp72FQtTWvjRJjqn0LfOfE3XM62sk5inMlKA0DPdR80WVkDjUFr0IdavfVEtf86419jAmafcfeNiRJjGhma6sOCn38IO8aGvAIgwdhU5nnLtu6LYONhJbFptOIn+ye8zf+GWYTgTb36ACHbRbLhqf2RmjV7SQvEi1NV3sQiWe1lfJXRRJxaWMEnGer3AhctlqDEcw4YyHCNTDPKSN5W9vab8gZbrASAyX0g8awXY9A/kwHSbnYhdxJR5z96rmlz1N6bVKaG4VES974pK0lzxU7KphUff9O87TtI0Qlo/Cw58h6+a/RFoJwYbfZftLfIm6mks/CRNn/0Yo0g9vouLaU++PgCmcHsUU2b3mh6i74GpvaZZZKsjn/NGBmDrJbkyBoi2Uwz+7Uy9Cx8wCMAUds0RzfvEOns26fi5O9peG6jjO/aNZmeBrmGmoBiCUSyFIkd9a1tS7vODwLbg1fkOhW8xTzkCSLnzeBt788Le3748aiX0/J+LRqjw==\n",
            "public_key_pem": "-----BEGIN PUBLIC KEY-----\nMIICIjANBgkqhkiG9w0BAQEFAAOCAg8AMIICCgKCAgEAxA8MZrlinlSQvi+r+SHS\n9X0yTB+lJf1A8kPZzFzfVvMTO8Xnn+PQcW9+yPacw40ehSMugRsez5vQtMMkZry4\nzacbzW/FAiGAHTO0bS6TAkXvVXJdvE8sF0yAwjdaurkd8R8C+iME0+OXn1N22J31\n9z9+UHaMQ9HlPNRw4bpBQKfCC+qt50nxKe9hULU1r40SY6p9C3znxN1zOtrJOYpz\nJSgNAz3UfNFlZA41Ba9CHWr31RLX/OuNfYwJmn3H3jYkSYxoZmurDgp9/CDvGhrw\nCIMHYVOZ5y7bui2DjYSWxabTiJ/snvM3/hlmE4E29+gAh20Wy4an9kZo1e0kLxIt\nTVd7EIlntZXyV0UScWljBJxnq9wIXLZagxHMOGMhwjUwzykjeVvb2m/IGW6wEgMl\n9IPGsF2PQP5MB0m52IXcSUec/eq5pc9Tem1SmhuFREve+KStJc8VOyqYVH3/TvO0\n7SNEJaPwsOfIevmv0RaCcGG32X7S3yJuppLPwkTZ/9GKNIPb6Li2lPvj4ApnB7FF\nNm95oeou+Bqb2mWWSrI5/zRgZg6yW5MgaItlMM/u1MvQsfMAjAFHbNEc37xDp7Nu\nn4uTvaXhuo4zv2jWZnga5hpqAYglEshSJHfWtbUu7zg8C24NX5DoVvMU85Aki583\ngbe/PC3t++PGol9Pyfi0ao8CAwEAAQ==\n-----END PUBLIC KEY-----\n",
            "rsa_bits": 4096
          },
          "private": "bnVsbA=="
        }
      ]
    }
  ]
}
